
Microsoft Visual Studio Solution File, Format Version 12.00
# Visual Studio Version 17
VisualStudioVersion = 17.2.32526.322
MinimumVisualStudioVersion = 10.0.40219.1
Project("{FAE04EC0-301F-11D3-BF4B-00C04F79EFBC}") = "Customer_Information", "Customer_Information\Customer_Information.csproj", "{8257007B-C5E1-41CA-9A67-DA7AA574A85A}"
EndProject
Global
	GlobalSection(SolutionConfigurationPlatforms) = preSolution
		Debug|Any CPU = Debug|Any CPU
		Release|Any CPU = Release|Any CPU
	EndGlobalSection
	GlobalSection(ProjectConfigurationPlatforms) = postSolution
		{8257007B-C5E1-41CA-9A67-DA7AA574A85A}.Debug|Any CPU.ActiveCfg = Debug|Any CPU
		{8257007B-C5E1-41CA-9A67-DA7AA574A85A}.Debug|Any CPU.Build.0 = Debug|Any CPU
		{8257007B-C5E1-41CA-9A67-DA7AA574A85A}.Release|Any CPU.ActiveCfg = Release|Any CPU
		{8257007B-C5E1-41CA-9A67-DA7AA574A85A}.Release|Any CPU.Build.0 = Release|Any CPU
	EndGlobalSection
	GlobalSection(SolutionProperties) = preSolution
		HideSolutionNode = FALSE
	EndGlobalSection
	GlobalSection(ExtensibilityGlobals) = postSolution
		SolutionGuid = {41EB20FB-A689-45C8-819B-D3F2E4EA16D8}
	EndGlobalSection
EndGlobal
